<?xml version="1.0" encoding="utf-8"?>
<Project ToolsVersion="4.0" xmlns="http://schemas.microsoft.com/developer/msbuild/2003">
  <ItemGroup>
    <ClCompile Include="GraphicsSettings\Settings\Bloom.cpp">
      <Filter>GSettings</Filter>
    </ClCompile>
    <ClCompile Include="GraphicsSettings\Settings\BPLighting.cpp">
      <Filter>GSettings</Filter>
    </ClCompile>
    <ClCompile Include="Rendering\ClusteredRendering\ClusterMaths\BoxCollider.cpp">
      <Filter>Tile Rendering</Filter>
    </ClCompile>
    <ClCompile Include="Rendering\View\Camera.cpp">
      <Filter>Rendering</Filter>
    </ClCompile>
    <ClCompile Include="Rendering\ShaderTypes\ComputeShader.cpp">
      <Filter>Rendering</Filter>
    </ClCompile>
    <ClCompile Include="Rendering\ClusteredRendering\ClusterMaths\Cube.cpp">
      <Filter>Tile Rendering</Filter>
    </ClCompile>
    <ClCompile Include="Maths\Frustum.cpp">
      <Filter>Utilities</Filter>
    </ClCompile>
    <ClCompile Include="Utility\GameTimer.cpp">
      <Filter>Utilities</Filter>
    </ClCompile>
    <ClCompile Include="GraphicsSettings\Settings\GBuffer.cpp">
      <Filter>GSettings</Filter>
    </ClCompile>
    <ClCompile Include="GraphicsSettings\SettingsType\GConfiguration.cpp">
      <Filter>GSettingsType</Filter>
    </ClCompile>
    <ClCompile Include="Rendering\ClusteredRendering\TileRenderer\GridUtility.cpp">
      <Filter>Tile Rendering</Filter>
    </ClCompile>
    <ClCompile Include="Input\Keyboard.cpp">
      <Filter>Some Input Things</Filter>
    </ClCompile>
    <ClCompile Include="Utility\Light.cpp">
      <Filter>Utilities</Filter>
    </ClCompile>
    <ClCompile Include="Maths\Matrix4.cpp">
      <Filter>Maths Stuff</Filter>
    </ClCompile>
    <ClCompile Include="NCLGLMesh\Mesh.cpp">
      <Filter>Mesh</Filter>
    </ClCompile>
    <ClCompile Include="ASSIMP\Model.cpp">
      <Filter>Assimp</Filter>
    </ClCompile>
    <ClCompile Include="ASSIMP\ModelMesh.cpp">
      <Filter>Assimp</Filter>
    </ClCompile>
    <ClCompile Include="Input\Mouse.cpp">
      <Filter>Some Input Things</Filter>
    </ClCompile>
    <ClCompile Include="NCLGLMesh\OBJMesh.cpp">
      <Filter>Mesh</Filter>
    </ClCompile>
    <ClCompile Include="Rendering\Renderer\OGLRenderer.cpp">
      <Filter>Rendering</Filter>
    </ClCompile>
    <ClCompile Include="Maths\Plane.cpp">
      <Filter>Maths Stuff</Filter>
    </ClCompile>
    <ClCompile Include="Maths\Quaternion.cpp">
      <Filter>Maths Stuff</Filter>
    </ClCompile>
    <ClCompile Include="Rendering\Renderer\Renderer.cpp">
      <Filter>Rendering</Filter>
    </ClCompile>
    <ClCompile Include="NCLGLMesh\SceneNode.cpp">
      <Filter>Mesh</Filter>
    </ClCompile>
    <ClCompile Include="Rendering\ShaderTypes\Shader.cpp">
      <Filter>Rendering</Filter>
    </ClCompile>
    <ClCompile Include="GraphicsSettings\Settings\Shadows.cpp">
      <Filter>GSettings</Filter>
    </ClCompile>
    <ClCompile Include="GraphicsSettings\Settings\SSAO.cpp">
      <Filter>GSettings</Filter>
    </ClCompile>
    <ClCompile Include="Rendering\Text\TextMesh.cpp">
      <Filter>Text</Filter>
    </ClCompile>
    <ClCompile Include="Rendering\Text\TextRenderer.cpp">
      <Filter>Rendering</Filter>
    </ClCompile>
    <ClCompile Include="Rendering\ClusteredRendering\TileRenderer\TileRenderer.cpp">
      <Filter>Tile Rendering</Filter>
    </ClCompile>
    <ClCompile Include="Rendering\View\Window.cpp">
      <Filter>Utilities</Filter>
    </ClCompile>
    <ClCompile Include="GraphicsSettings\Settings\MotionBlur.cpp" />
    <ClCompile Include="Assets\Skybox.cpp" />
    <ClCompile Include="MD5\MD5Anim.cpp" />
    <ClCompile Include="MD5\MD5FileData.cpp" />
    <ClCompile Include="MD5\MD5Mesh.cpp" />
    <ClCompile Include="MD5\MD5Node.cpp" />
    <ClCompile Include="Assets\ParticleSystem.cpp" />
  </ItemGroup>
  <ItemGroup>
    <ClInclude Include="GraphicsSettings\Settings\Bloom.h">
      <Filter>GSettings</Filter>
    </ClInclude>
    <ClInclude Include="GraphicsSettings\Settings\BPLighting.h">
      <Filter>GSettings</Filter>
    </ClInclude>
    <ClInclude Include="Rendering\ClusteredRendering\ClusterMaths\BoxCollider.h">
      <Filter>Tile Rendering</Filter>
    </ClInclude>
    <ClInclude Include="Rendering\View\Camera.h">
      <Filter>Rendering</Filter>
    </ClInclude>
    <ClInclude Include="NCLGLMesh\ChildMeshInterface.h">
      <Filter>Mesh</Filter>
    </ClInclude>
    <ClInclude Include="Utility\common.h">
      <Filter>Utilities</Filter>
    </ClInclude>
    <ClInclude Include="Rendering\ShaderTypes\ComputeShader.h">
      <Filter>Rendering</Filter>
    </ClInclude>
    <ClInclude Include="Rendering\ClusteredRendering\ClusterMaths\Cube.h">
      <Filter>Tile Rendering</Filter>
    </ClInclude>
    <ClInclude Include="Maths\Frustum.h">
      <Filter>Utilities</Filter>
    </ClInclude>
    <ClInclude Include="Utility\GameTimer.h">
      <Filter>Utilities</Filter>
    </ClInclude>
    <ClInclude Include="GraphicsSettings\Settings\GBuffer.h">
      <Filter>GSettings</Filter>
    </ClInclude>
    <ClInclude Include="GraphicsSettings\SettingsType\GConfiguration.h">
      <Filter>GSettingsType</Filter>
    </ClInclude>
    <ClInclude Include="Rendering\ClusteredRendering\TileRenderer\GridUtility.h">
      <Filter>Tile Rendering</Filter>
    </ClInclude>
    <ClInclude Include="GraphicsSettings\SettingsType\GSetting.h">
      <Filter>GSettingsType</Filter>
    </ClInclude>
    <ClInclude Include="Input\InputDevice.h">
      <Filter>Some Input Things</Filter>
    </ClInclude>
    <ClInclude Include="Input\Keyboard.h">
      <Filter>Some Input Things</Filter>
    </ClInclude>
    <ClInclude Include="Utility\Light.h">
      <Filter>Utilities</Filter>
    </ClInclude>
    <ClInclude Include="Maths\Matrix4.h">
      <Filter>Maths Stuff</Filter>
    </ClInclude>
    <ClInclude Include="NCLGLMesh\Mesh.h">
      <Filter>Mesh</Filter>
    </ClInclude>
    <ClInclude Include="ASSIMP\Model.h">
      <Filter>Assimp</Filter>
    </ClInclude>
    <ClInclude Include="ASSIMP\ModelMesh.h">
      <Filter>Assimp</Filter>
    </ClInclude>
    <ClInclude Include="Input\Mouse.h">
      <Filter>Some Input Things</Filter>
    </ClInclude>
    <ClInclude Include="NCLGLMesh\OBJMesh.h">
      <Filter>Mesh</Filter>
    </ClInclude>
    <ClInclude Include="Rendering\Renderer\OGLRenderer.h">
      <Filter>Rendering</Filter>
    </ClInclude>
    <ClInclude Include="Maths\Plane.h">
      <Filter>Maths Stuff</Filter>
    </ClInclude>
    <ClInclude Include="Maths\Quaternion.h">
      <Filter>Maths Stuff</Filter>
    </ClInclude>
    <ClInclude Include="Rendering\Renderer\Renderer.h">
      <Filter>Rendering</Filter>
    </ClInclude>
    <ClInclude Include="NCLGLMesh\SceneNode.h">
      <Filter>Mesh</Filter>
    </ClInclude>
    <ClInclude Include="Rendering\ShaderTypes\Shader.h">
      <Filter>Rendering</Filter>
    </ClInclude>
    <ClInclude Include="GraphicsSettings\Settings\Shadows.h">
      <Filter>GSettings</Filter>
    </ClInclude>
    <ClInclude Include="GraphicsSettings\Settings\SSAO.h">
      <Filter>GSettings</Filter>
    </ClInclude>
    <ClInclude Include="Rendering\Text\Text.h">
      <Filter>Text</Filter>
    </ClInclude>
    <ClInclude Include="Rendering\Text\TextMesh.h">
      <Filter>Text</Filter>
    </ClInclude>
    <ClInclude Include="Rendering\Text\TextRenderer.h">
      <Filter>Rendering</Filter>
    </ClInclude>
    <ClInclude Include="Rendering\ClusteredRendering\TileRenderer\TileRenderer.h">
      <Filter>Tile Rendering</Filter>
    </ClInclude>
    <ClInclude Include="Maths\Vector2.h">
      <Filter>Maths Stuff</Filter>
    </ClInclude>
    <ClInclude Include="Maths\Vector3.h">
      <Filter>Maths Stuff</Filter>
    </ClInclude>
    <ClInclude Include="Maths\Vector4.h">
      <Filter>Maths Stuff</Filter>
    </ClInclude>
    <ClInclude Include="Rendering\View\Window.h">
      <Filter>Utilities</Filter>
    </ClInclude>
    <ClInclude Include="GraphicsSettings\Settings\MotionBlur.h" />
    <ClInclude Include="Assets\Skybox.h" />
    <ClInclude Include="MD5\MD5Anim.h" />
    <ClInclude Include="MD5\MD5FileData.h" />
    <ClInclude Include="MD5\MD5Mesh.h" />
    <ClInclude Include="MD5\MD5Node.h" />
    <ClInclude Include="Assets\ParticleSystem.h" />
  </ItemGroup>
  <ItemGroup>
    <Filter Include="Text">
      <UniqueIdentifier>{f6ec2b98-c6a4-499e-8388-00ba7ccbc941}</UniqueIdentifier>
    </Filter>
    <Filter Include="Utilities">
      <UniqueIdentifier>{5313829c-469f-4a69-9e4d-da21debf3800}</UniqueIdentifier>
    </Filter>
    <Filter Include="Maths Stuff">
      <UniqueIdentifier>{7bed036b-ec0b-48c0-8455-913c29a9ff6b}</UniqueIdentifier>
    </Filter>
    <Filter Include="Mesh">
      <UniqueIdentifier>{b122dd3b-96ab-4128-a3d7-959e401ea67c}</UniqueIdentifier>
    </Filter>
    <Filter Include="Rendering">
      <UniqueIdentifier>{a4cfba15-fec0-4240-b841-82c0e7b36038}</UniqueIdentifier>
    </Filter>
    <Filter Include="Some Input Things">
      <UniqueIdentifier>{1c8ac598-b66a-443f-92b7-447f8183ff3b}</UniqueIdentifier>
    </Filter>
    <Filter Include="Assimp">
      <UniqueIdentifier>{aef4cbc7-ffcd-4e90-8c76-324809e097bc}</UniqueIdentifier>
    </Filter>
    <Filter Include="GSettings">
      <UniqueIdentifier>{31809e59-3a7f-46a9-86b5-b3ff967a8295}</UniqueIdentifier>
    </Filter>
    <Filter Include="GSettingsType">
      <UniqueIdentifier>{2fc92847-a144-49ea-b1c6-a3e06c4be4d0}</UniqueIdentifier>
    </Filter>
    <Filter Include="Tile Rendering">
      <UniqueIdentifier>{89a3f9b7-c037-4f9f-8f0b-0bb3ff185766}</UniqueIdentifier>
    </Filter>
  </ItemGroup>
</Project>